
Microsoft Visual Studio Solution File, Format Version 12.00
Project("{FAE04EC0-301F-11D3-BF4B-00C04F79EFBC}") = "MDR_Tester", "MDR_Tester.csproj", "{7F2202CA-C6AC-4AF7-99C1-F11AC9829091}"
EndProject
Global
	GlobalSection(SolutionConfigurationPlatforms) = preSolution
		Debug|Any CPU = Debug|Any CPU
		Release|Any CPU = Release|Any CPU
	EndGlobalSection
	GlobalSection(ProjectConfigurationPlatforms) = postSolution
		{7F2202CA-C6AC-4AF7-99C1-F11AC9829091}.Debug|Any CPU.ActiveCfg = Debug|Any CPU
		{7F2202CA-C6AC-4AF7-99C1-F11AC9829091}.Debug|Any CPU.Build.0 = Debug|Any CPU
		{7F2202CA-C6AC-4AF7-99C1-F11AC9829091}.Release|Any CPU.ActiveCfg = Release|Any CPU
		{7F2202CA-C6AC-4AF7-99C1-F11AC9829091}.Release|Any CPU.Build.0 = Release|Any CPU
	EndGlobalSection
EndGlobal
